
Microsoft Visual Studio Solution File, Format Version 12.00
# Visual Studio 15
VisualStudioVersion = 15.0.28307.1000
MinimumVisualStudioVersion = 10.0.40219.1
Project("{FAE04EC0-301F-11D3-BF4B-00C04F79EFBC}") = "SimpleSocketTest", "SimpleSocketTest\SimpleSocketTest.csproj", "{CD72A930-8B46-4FFC-BF67-D3F4E5B0DAAD}"
EndProject
Project("{FAE04EC0-301F-11D3-BF4B-00C04F79EFBC}") = "SimpleEchoTest", "SimpleEchoTest\SimpleEchoTest.csproj", "{E10266AA-036D-4D8A-ADD8-BD4A99837B1B}"
EndProject
Global
	GlobalSection(SolutionConfigurationPlatforms) = preSolution
		Debug|Any CPU = Debug|Any CPU
		Release|Any CPU = Release|Any CPU
	EndGlobalSection
	GlobalSection(ProjectConfigurationPlatforms) = postSolution
		{CD72A930-8B46-4FFC-BF67-D3F4E5B0DAAD}.Debug|Any CPU.ActiveCfg = Debug|Any CPU
		{CD72A930-8B46-4FFC-BF67-D3F4E5B0DAAD}.Debug|Any CPU.Build.0 = Debug|Any CPU
		{CD72A930-8B46-4FFC-BF67-D3F4E5B0DAAD}.Release|Any CPU.ActiveCfg = Release|Any CPU
		{CD72A930-8B46-4FFC-BF67-D3F4E5B0DAAD}.Release|Any CPU.Build.0 = Release|Any CPU
		{E10266AA-036D-4D8A-ADD8-BD4A99837B1B}.Debug|Any CPU.ActiveCfg = Debug|Any CPU
		{E10266AA-036D-4D8A-ADD8-BD4A99837B1B}.Debug|Any CPU.Build.0 = Debug|Any CPU
		{E10266AA-036D-4D8A-ADD8-BD4A99837B1B}.Release|Any CPU.ActiveCfg = Release|Any CPU
		{E10266AA-036D-4D8A-ADD8-BD4A99837B1B}.Release|Any CPU.Build.0 = Release|Any CPU
	EndGlobalSection
	GlobalSection(SolutionProperties) = preSolution
		HideSolutionNode = FALSE
	EndGlobalSection
	GlobalSection(ExtensibilityGlobals) = postSolution
		SolutionGuid = {18A45C86-D7E4-44D6-BB40-31A400D84AE7}
	EndGlobalSection
EndGlobal
